// !$*UTF8*$!
{
	archiveVersion = 1;
	classes = {
	};
	objectVersion = 46;
	objects = {

/* Begin PBXBuildFile section */
		8F2CBE861E0932A7008EC028 /* UserDataList.plist in Resources */ = {isa = PBXBuildFile; fileRef = 8F2CBE851E0932A7008EC028 /* UserDataList.plist */; };
		8F2CBE891E0934D2008EC028 /* Jhon.jpeg in Resources */ = {isa = PBXBuildFile; fileRef = 8F2CBE871E0934D2008EC028 /* Jhon.jpeg */; };
		8F2CBE8A1E0934D2008EC028 /* Pitter.jpeg in Resources */ = {isa = PBXBuildFile; fileRef = 8F2CBE881E0934D2008EC028 /* Pitter.jpeg */; };
		8FA891101DFE71AD00792B23 /* AppDelegate.swift in Sources */ = {isa = PBXBuildFile; fileRef = 8FA8910F1DFE71AD00792B23 /* AppDelegate.swift */; };
		8FA891121DFE71AD00792B23 /* ViewController.swift in Sources */ = {isa = PBXBuildFile; fileRef = 8FA891111DFE71AD00792B23 /* ViewController.swift */; };
		8FA891151DFE71AD00792B23 /* Main.storyboard in Resources */ = {isa = PBXBuildFile; fileRef = 8FA891131DFE71AD00792B23 /* Main.storyboard */; };
		8FA891171DFE71AD00792B23 /* Assets.xcassets in Resources */ = {isa = PBXBuildFile; fileRef = 8FA891161DFE71AD00792B23 /* Assets.xcassets */; };
		8FA8911A1DFE71AD00792B23 /* LaunchScreen.storyboard in Resources */ = {isa = PBXBuildFile; fileRef = 8FA891181DFE71AD00792B23 /* LaunchScreen.storyboard */; };
		8FA891261DFE734100792B23 /* User.swift in Sources */ = {isa = PBXBuildFile; fileRef = 8FA891251DFE734100792B23 /* User.swift */; };
		8FA891291DFE776E00792B23 /* UserCustomTableCell.swift in Sources */ = {isa = PBXBuildFile; fileRef = 8FA891271DFE776E00792B23 /* UserCustomTableCell.swift */; };
		8FA8912A1DFE776E00792B23 /* UserCustomTableCell.xib in Resources */ = {isa = PBXBuildFile; fileRef = 8FA891281DFE776E00792B23 /* UserCustomTableCell.xib */; };
/* End PBXBuildFile section */

/* Begin PBXFileReference section */
		8F2CBE851E0932A7008EC028 /* UserDataList.plist */ = {isa = PBXFileReference; fileEncoding = 4; lastKnownFileType = text.plist.xml; path = UserDataList.plist; sourceTree = "<group>"; };
		8F2CBE871E0934D2008EC028 /* Jhon.jpeg */ = {isa = PBXFileReference; lastKnownFileType = image.jpeg; path = Jhon.jpeg; sourceTree = "<group>"; };
		8F2CBE881E0934D2008EC028 /* Pitter.jpeg */ = {isa = PBXFileReference; lastKnownFileType = image.jpeg; path = Pitter.jpeg; sourceTree = "<group>"; };
		8FA8910C1DFE71AD00792B23 /* CustomTableViewCellExample.app */ = {isa = PBXFileReference; explicitFileType = wrapper.application; includeInIndex = 0; path = CustomTableViewCellExample.app; sourceTree = BUILT_PRODUCTS_DIR; };
		8FA8910F1DFE71AD00792B23 /* AppDelegate.swift */ = {isa = PBXFileReference; lastKnownFileType = sourcecode.swift; path = AppDelegate.swift; sourceTree = "<group>"; };
		8FA891111DFE71AD00792B23 /* ViewController.swift */ = {isa = PBXFileReference; lastKnownFileType = sourcecode.swift; path = ViewController.swift; sourceTree = "<group>"; };
		8FA891141DFE71AD00792B23 /* Base */ = {isa = PBXFileReference; lastKnownFileType = file.storyboard; name = Base; path = Base.lproj/Main.storyboard; sourceTree = "<group>"; };
		8FA891161DFE71AD00792B23 /* Assets.xcassets */ = {isa = PBXFileReference; lastKnownFileType = folder.assetcatalog; path = Assets.xcassets; sourceTree = "<group>"; };
		8FA891191DFE71AD00792B23 /* Base */ = {isa = PBXFileReference; lastKnownFileType = file.storyboard; name = Base; path = Base.lproj/LaunchScreen.storyboard; sourceTree = "<group>"; };
		8FA8911B1DFE71AD00792B23 /* Info.plist */ = {isa = PBXFileReference; lastKnownFileType = text.plist.xml; path = Info.plist; sourceTree = "<group>"; };
		8FA891251DFE734100792B23 /* User.swift */ = {isa = PBXFileReference; fileEncoding = 4; lastKnownFileType = sourcecode.swift; path = User.swift; sourceTree = "<group>"; };
		8FA891271DFE776E00792B23 /* UserCustomTableCell.swift */ = {isa = PBXFileReference; fileEncoding = 4; lastKnownFileType = sourcecode.swift; path = UserCustomTableCell.swift; sourceTree = "<group>"; };
		8FA891281DFE776E00792B23 /* UserCustomTableCell.xib */ = {isa = PBXFileReference; fileEncoding = 4; lastKnownFileType = file.xib; path = UserCustomTableCell.xib; sourceTree = "<group>"; };
/* End PBXFileReference section */

/* Begin PBXFrameworksBuildPhase section */
		8FA891091DFE71AD00792B23 /* Frameworks */ = {
			isa = PBXFrameworksBuildPhase;
			buildActionMask = 2147483647;
			files = (
			);
			runOnlyForDeploymentPostprocessing = 0;
		};
/* End PBXFrameworksBuildPhase section */

/* Begin PBXGroup section */
		8FA891031DFE71AD00792B23 = {
			isa = PBXGroup;
			children = (
				8F2CBE851E0932A7008EC028 /* UserDataList.plist */,
				8F2CBE871E0934D2008EC028 /* Jhon.jpeg */,
				8F2CBE881E0934D2008EC028 /* Pitter.jpeg */,
				8FA8910E1DFE71AD00792B23 /* DatingAppsTemplate */,
				8FA8910D1DFE71AD00792B23 /* Products */,
			);
			sourceTree = "<group>";
		};
		8FA8910D1DFE71AD00792B23 /* Products */ = {
			isa = PBXGroup;
			children = (
				8FA8910C1DFE71AD00792B23 /* CustomTableViewCellExample.app */,
			);
			name = Products;
			sourceTree = "<group>";
		};
		8FA8910E1DFE71AD00792B23 /* DatingAppsTemplate */ = {
			isa = PBXGroup;
			children = (
				8FA891221DFE728A00792B23 /* Model */,
				8FA891211DFE722200792B23 /* View */,
				8FA8910F1DFE71AD00792B23 /* AppDelegate.swift */,
				8FA891111DFE71AD00792B23 /* ViewController.swift */,
				8FA891131DFE71AD00792B23 /* Main.storyboard */,
				8FA891161DFE71AD00792B23 /* Assets.xcassets */,
				8FA891181DFE71AD00792B23 /* LaunchScreen.storyboard */,
				8FA8911B1DFE71AD00792B23 /* Info.plist */,
			);
			path = DatingAppsTemplate;
			sourceTree = "<group>";
		};
		8FA891211DFE722200792B23 /* View */ = {
			isa = PBXGroup;
			children = (
				8FA891271DFE776E00792B23 /* UserCustomTableCell.swift */,
				8FA891281DFE776E00792B23 /* UserCustomTableCell.xib */,
			);
			path = View;
			sourceTree = "<group>";
		};
		8FA891221DFE728A00792B23 /* Model */ = {
			isa = PBXGroup;
			children = (
				8FA891251DFE734100792B23 /* User.swift */,
			);
			path = Model;
			sourceTree = "<group>";
		};
/* End PBXGroup section */

/* Begin PBXNativeTarget section */
		8FA8910B1DFE71AD00792B23 /* CustomTableViewCellExample */ = {
			isa = PBXNativeTarget;
			buildConfigurationList = 8FA8911E1DFE71AD00792B23 /* Build configuration list for PBXNativeTarget "CustomTableViewCellExample" */;
			buildPhases = (
				8FA891081DFE71AD00792B23 /* Sources */,
				8FA891091DFE71AD00792B23 /* Frameworks */,
				8FA8910A1DFE71AD00792B23 /* Resources */,
			);
			buildRules = (
			);
			dependencies = (
			);
			name = CustomTableViewCellExample;
			productName = DatingAppsTemplate;
			productReference = 8FA8910C1DFE71AD00792B23 /* CustomTableViewCellExample.app */;
			productType = "com.apple.product-type.application";
		};
/* End PBXNativeTarget section */

/* Begin PBXProject section */
		8FA891041DFE71AD00792B23 /* Project object */ = {
			isa = PBXProject;
			attributes = {
				LastSwiftUpdateCheck = 0810;
				LastUpgradeCheck = 0810;
				ORGANIZATIONNAME = "Amit Chowdhury";
				TargetAttributes = {
					8FA8910B1DFE71AD00792B23 = {
						CreatedOnToolsVersion = 8.1;
						DevelopmentTeam = 673BAG78VN;
						ProvisioningStyle = Automatic;
					};
				};
			};
			buildConfigurationList = 8FA891071DFE71AD00792B23 /* Build configuration list for PBXProject "CustomTableViewCellExample" */;
			compatibilityVersion = "Xcode 3.2";
			developmentRegion = English;
			hasScannedForEncodings = 0;
			knownRegions = (
				en,
				Base,
			);
			mainGroup = 8FA891031DFE71AD00792B23;
			productRefGroup = 8FA8910D1DFE71AD00792B23 /* Products */;
			projectDirPath = "";
			projectRoot = "";
			targets = (
				8FA8910B1DFE71AD00792B23 /* CustomTableViewCellExample */,
			);
		};
/* End PBXProject section */

/* Begin PBXResourcesBuildPhase section */
		8FA8910A1DFE71AD00792B23 /* Resources */ = {
			isa = PBXResourcesBuildPhase;
			buildActionMask = 2147483647;
			files = (
				8FA8911A1DFE71AD00792B23 /* LaunchScreen.storyboard in Resources */,
				8FA891171DFE71AD00792B23 /* Assets.xcassets in Resources */,
				8F2CBE8A1E0934D2008EC028 /* Pitter.jpeg in Resources */,
				8F2CBE891E0934D2008EC028 /* Jhon.jpeg in Resources */,
				8FA8912A1DFE776E00792B23 /* UserCustomTableCell.xib in Resources */,
				8FA891151DFE71AD00792B23 /* Main.storyboard in Resources */,
				8F2CBE861E0932A7008EC028 /* UserDataList.plist in Resources */,
			);
			runOnlyForDeploymentPostprocessing = 0;
		};
/* End PBXResourcesBuildPhase section */

/* Begin PBXSourcesBuildPhase section */
		8FA891081DFE71AD00792B23 /* Sources */ = {
			isa = PBXSourcesBuildPhase;
			buildActionMask = 2147483647;
			files = (
				8FA891121DFE71AD00792B23 /* ViewController.swift in Sources */,
				8FA891101DFE71AD00792B23 /* AppDelegate.swift in Sources */,
				8FA891291DFE776E00792B23 /* UserCustomTableCell.swift in Sources */,
				8FA891261DFE734100792B23 /* User.swift in Sources */,
			);
			runOnlyForDeploymentPostprocessing = 0;
		};
/* End PBXSourcesBuildPhase section */

/* Begin PBXVariantGroup section */
		8FA891131DFE71AD00792B23 /* Main.storyboard */ = {
			isa = PBXVariantGroup;
			children = (
				8FA891141DFE71AD00792B23 /* Base */,
			);
			name = Main.storyboard;
			sourceTree = "<group>";
		};
		8FA891181DFE71AD00792B23 /* LaunchScreen.storyboard */ = {
			isa = PBXVariantGroup;
			children = (
				8FA891191DFE71AD00792B23 /* Base */,
			);
			name = LaunchScreen.storyboard;
			sourceTree = "<group>";
		};
/* End PBXVariantGroup section */

/* Begin XCBuildConfiguration section */
		8FA8911C1DFE71AD00792B23 /* Debug */ = {
			isa = XCBuildConfiguration;
			buildSettings = {
				ALWAYS_SEARCH_USER_PATHS = NO;
				CLANG_ANALYZER_NONNULL = YES;
				CLANG_CXX_LANGUAGE_STANDARD = "gnu++0x";
				CLANG_CXX_LIBRARY = "libc++";
				CLANG_ENABLE_MODULES = YES;
				CLANG_ENABLE_OBJC_ARC = YES;
				CLANG_WARN_BOOL_CONVERSION = YES;
				CLANG_WARN_CONSTANT_CONVERSION = YES;
				CLANG_WARN_DIRECT_OBJC_ISA_USAGE = YES_ERROR;
				CLANG_WARN_DOCUMENTATION_COMMENTS = YES;
				CLANG_WARN_EMPTY_BODY = YES;
				CLANG_WARN_ENUM_CONVERSION = YES;
				CLANG_WARN_INFINITE_RECURSION = YES;
				CLANG_WARN_INT_CONVERSION = YES;
				CLANG_WARN_OBJC_ROOT_CLASS = YES_ERROR;
				CLANG_WARN_SUSPICIOUS_MOVES = YES;
				CLANG_WARN_UNREACHABLE_CODE = YES;
				CLANG_WARN__DUPLICATE_METHOD_MATCH = YES;
				"CODE_SIGN_IDENTITY[sdk=iphoneos*]" = "iPhone Developer";
				COPY_PHASE_STRIP = NO;
				DEBUG_INFORMATION_FORMAT = dwarf;
				ENABLE_STRICT_OBJC_MSGSEND = YES;
				ENABLE_TESTABILITY = YES;
				GCC_C_LANGUAGE_STANDARD = gnu99;
				GCC_DYNAMIC_NO_PIC = NO;
				GCC_NO_COMMON_BLOCKS = YES;
				GCC_OPTIMIZATION_LEVEL = 0;
				GCC_PREPROCESSOR_DEFINITIONS = (
					"DEBUG=1",
					"$(inherited)",
				);
				GCC_WARN_64_TO_32_BIT_CONVERSION = YES;
				GCC_WARN_ABOUT_RETURN_TYPE = YES_ERROR;
				GCC_WARN_UNDECLARED_SELECTOR = YES;
				GCC_WARN_UNINITIALIZED_AUTOS = YES_AGGRESSIVE;
				GCC_WARN_UNUSED_FUNCTION = YES;
				GCC_WARN_UNUSED_VARIABLE = YES;
				IPHONEOS_DEPLOYMENT_TARGET = 10.1;
				MTL_ENABLE_DEBUG_INFO = YES;
				ONLY_ACTIVE_ARCH = YES;
				SDKROOT = iphoneos;
				SWIFT_ACTIVE_COMPILATION_CONDITIONS = DEBUG;
				SWIFT_OPTIMIZATION_LEVEL = "-Onone";
				TARGETED_DEVICE_FAMILY = "1,2";
			};
			name = Debug;
		};
		8FA8911D1DFE71AD00792B23 /* Release */ = {
			isa = XCBuildConfiguration;
			buildSettings = {
				ALWAYS_SEARCH_USER_PATHS = NO;
				CLANG_ANALYZER_NONNULL = YES;
				CLANG_CXX_LANGUAGE_STANDARD = "gnu++0x";
				CLANG_CXX_LIBRARY = "libc++";
				CLANG_ENABLE_MODULES = YES;
				CLANG_ENABLE_OBJC_ARC = YES;
				CLANG_WARN_BOOL_CONVERSION = YES;
				CLANG_WARN_CONSTANT_CONVERSION = YES;
				CLANG_WARN_DIRECT_OBJC_ISA_USAGE = YES_ERROR;
				CLANG_WARN_DOCUMENTATION_COMMENTS = YES;
				CLANG_WARN_EMPTY_BODY = YES;
				CLANG_WARN_ENUM_CONVERSION = YES;
				CLANG_WARN_INFINITE_RECURSION = YES;
				CLANG_WARN_INT_CONVERSION = YES;
				CLANG_WARN_OBJC_ROOT_CLASS = YES_ERROR;
				CLANG_WARN_SUSPICIOUS_MOVES = YES;
				CLANG_WARN_UNREACHABLE_CODE = YES;
				CLANG_WARN__DUPLICATE_METHOD_MATCH = YES;
				"CODE_SIGN_IDENTITY[sdk=iphoneos*]" = "iPhone Developer";
				COPY_PHASE_STRIP = NO;
				DEBUG_INFORMATION_FORMAT = "dwarf-with-dsym";
				ENABLE_NS_ASSERTIONS = NO;
				ENABLE_STRICT_OBJC_MSGSEND = YES;
				GCC_C_LANGUAGE_STANDARD = gnu99;
				GCC_NO_COMMON_BLOCKS = YES;
				GCC_WARN_64_TO_32_BIT_CONVERSION = YES;
				GCC_WARN_ABOUT_RETURN_TYPE = YES_ERROR;
				GCC_WARN_UNDECLARED_SELECTOR = YES;
				GCC_WARN_UNINITIALIZED_AUTOS = YES_AGGRESSIVE;
				GCC_WARN_UNUSED_FUNCTION = YES;
				GCC_WARN_UNUSED_VARIABLE = YES;
				IPHONEOS_DEPLOYMENT_TARGET = 10.1;
				MTL_ENABLE_DEBUG_INFO = NO;
				SDKROOT = iphoneos;
				SWIFT_OPTIMIZATION_LEVEL = "-Owholemodule";
				TARGETED_DEVICE_FAMILY = "1,2";
				VALIDATE_PRODUCT = YES;
			};
			name = Release;
		};
		8FA8911F1DFE71AD00792B23 /* Debug */ = {
			isa = XCBuildConfiguration;
			buildSettings = {
				ASSETCATALOG_COMPILER_APPICON_NAME = AppIcon;
				DEVELOPMENT_TEAM = 673BAG78VN;
				INFOPLIST_FILE = DatingAppsTemplate/Info.plist;
				LD_RUNPATH_SEARCH_PATHS = "$(inherited) @executable_path/Frameworks";
				PRODUCT_BUNDLE_IDENTIFIER = com.nestedapps.DatingAppsTemplate;
				PRODUCT_NAME = "$(TARGET_NAME)";
				SWIFT_VERSION = 3.0;
			};
			name = Debug;
		};
		8FA891201DFE71AD00792B23 /* Release */ = {
			isa = XCBuildConfiguration;
			buildSettings = {
				ASSETCATALOG_COMPILER_APPICON_NAME = AppIcon;
				DEVELOPMENT_TEAM = 673BAG78VN;
				INFOPLIST_FILE = DatingAppsTemplate/Info.plist;
				LD_RUNPATH_SEARCH_PATHS = "$(inherited) @executable_path/Frameworks";
				PRODUCT_BUNDLE_IDENTIFIER = com.nestedapps.DatingAppsTemplate;
				PRODUCT_NAME = "$(TARGET_NAME)";
				SWIFT_VERSION = 3.0;
			};
			name = Release;
		};
/* End XCBuildConfiguration section */

/* Begin XCConfigurationList section */
		8FA891071DFE71AD00792B23 /* Build configuration list for PBXProject "CustomTableViewCellExample" */ = {
			isa = XCConfigurationList;
			buildConfigurations = (
				8FA8911C1DFE71AD00792B23 /* Debug */,
				8FA8911D1DFE71AD00792B23 /* Release */,
			);
			defaultConfigurationIsVisible = 0;
			defaultConfigurationName = Release;
		};
		8FA8911E1DFE71AD00792B23 /* Build configuration list for PBXNativeTarget "CustomTableViewCellExample" */ = {
			isa = XCConfigurationList;
			buildConfigurations = (
				8FA8911F1DFE71AD00792B23 /* Debug */,
				8FA891201DFE71AD00792B23 /* Release */,
			);
			defaultConfigurationIsVisible = 0;
			defaultConfigurationName = Release;
		};
/* End XCConfigurationList section */
	};
	rootObject = 8FA891041DFE71AD00792B23 /* Project object */;
}
